
Microsoft Visual Studio Solution File, Format Version 12.00
# Visual Studio Version 17
VisualStudioVersion = 17.7.34221.43
MinimumVisualStudioVersion = 10.0.40219.1
Project("{FAE04EC0-301F-11D3-BF4B-00C04F79EFBC}") = "QuartzTask", "QuartzTask\QuartzTask.csproj", "{98B11069-87AF-46B5-BFC5-5D714A996D42}"
EndProject
Global
	GlobalSection(SolutionConfigurationPlatforms) = preSolution
		Debug|Any CPU = Debug|Any CPU
		Release|Any CPU = Release|Any CPU
	EndGlobalSection
	GlobalSection(ProjectConfigurationPlatforms) = postSolution
		{98B11069-87AF-46B5-BFC5-5D714A996D42}.Debug|Any CPU.ActiveCfg = Debug|Any CPU
		{98B11069-87AF-46B5-BFC5-5D714A996D42}.Debug|Any CPU.Build.0 = Debug|Any CPU
		{98B11069-87AF-46B5-BFC5-5D714A996D42}.Release|Any CPU.ActiveCfg = Release|Any CPU
		{98B11069-87AF-46B5-BFC5-5D714A996D42}.Release|Any CPU.Build.0 = Release|Any CPU
	EndGlobalSection
	GlobalSection(SolutionProperties) = preSolution
		HideSolutionNode = FALSE
	EndGlobalSection
	GlobalSection(ExtensibilityGlobals) = postSolution
		SolutionGuid = {0DD38DB3-91C0-47E3-B238-548834E0AC83}
	EndGlobalSection
EndGlobal
